
Microsoft Visual Studio Solution File, Format Version 12.00
# Visual Studio 14
VisualStudioVersion = 14.0.25123.0
MinimumVisualStudioVersion = 10.0.40219.1
Project("{FAE04EC0-301F-11D3-BF4B-00C04F79EFBC}") = "Sq1", "Sq1\Sq1.csproj", "{C1276371-813E-4142-9095-968409727A1E}"
EndProject
Project("{FAE04EC0-301F-11D3-BF4B-00C04F79EFBC}") = "Web", "Web\Web.csproj", "{D07450D3-4ECA-4FB6-A108-6AD1589A6B9C}"
EndProject
Project("{FAE04EC0-301F-11D3-BF4B-00C04F79EFBC}") = "Shared", "Shared\Shared.csproj", "{DCDF90CC-51EA-4905-9CF4-7EDA4A375675}"
EndProject
Project("{FAE04EC0-301F-11D3-BF4B-00C04F79EFBC}") = "Skewb", "Skewb\Skewb.csproj", "{94D74E2F-3F08-478B-A98C-3F3E22BC8693}"
EndProject
Project("{FAE04EC0-301F-11D3-BF4B-00C04F79EFBC}") = "Mega", "Megaminx\Mega.csproj", "{2049ACA8-493A-447E-B75A-BECB9BF35010}"
EndProject
Global
	GlobalSection(SolutionConfigurationPlatforms) = preSolution
		Debug|Any CPU = Debug|Any CPU
		Release|Any CPU = Release|Any CPU
	EndGlobalSection
	GlobalSection(ProjectConfigurationPlatforms) = postSolution
		{C1276371-813E-4142-9095-968409727A1E}.Debug|Any CPU.ActiveCfg = Debug|Any CPU
		{C1276371-813E-4142-9095-968409727A1E}.Debug|Any CPU.Build.0 = Debug|Any CPU
		{C1276371-813E-4142-9095-968409727A1E}.Release|Any CPU.ActiveCfg = Release|Any CPU
		{C1276371-813E-4142-9095-968409727A1E}.Release|Any CPU.Build.0 = Release|Any CPU
		{D07450D3-4ECA-4FB6-A108-6AD1589A6B9C}.Debug|Any CPU.ActiveCfg = Debug|Any CPU
		{D07450D3-4ECA-4FB6-A108-6AD1589A6B9C}.Debug|Any CPU.Build.0 = Debug|Any CPU
		{D07450D3-4ECA-4FB6-A108-6AD1589A6B9C}.Release|Any CPU.ActiveCfg = Release|Any CPU
		{D07450D3-4ECA-4FB6-A108-6AD1589A6B9C}.Release|Any CPU.Build.0 = Release|Any CPU
		{DCDF90CC-51EA-4905-9CF4-7EDA4A375675}.Debug|Any CPU.ActiveCfg = Debug|Any CPU
		{DCDF90CC-51EA-4905-9CF4-7EDA4A375675}.Debug|Any CPU.Build.0 = Debug|Any CPU
		{DCDF90CC-51EA-4905-9CF4-7EDA4A375675}.Release|Any CPU.ActiveCfg = Release|Any CPU
		{DCDF90CC-51EA-4905-9CF4-7EDA4A375675}.Release|Any CPU.Build.0 = Release|Any CPU
		{94D74E2F-3F08-478B-A98C-3F3E22BC8693}.Debug|Any CPU.ActiveCfg = Debug|Any CPU
		{94D74E2F-3F08-478B-A98C-3F3E22BC8693}.Debug|Any CPU.Build.0 = Debug|Any CPU
		{94D74E2F-3F08-478B-A98C-3F3E22BC8693}.Release|Any CPU.ActiveCfg = Release|Any CPU
		{94D74E2F-3F08-478B-A98C-3F3E22BC8693}.Release|Any CPU.Build.0 = Release|Any CPU
		{2049ACA8-493A-447E-B75A-BECB9BF35010}.Debug|Any CPU.ActiveCfg = Debug|Any CPU
		{2049ACA8-493A-447E-B75A-BECB9BF35010}.Debug|Any CPU.Build.0 = Debug|Any CPU
		{2049ACA8-493A-447E-B75A-BECB9BF35010}.Release|Any CPU.ActiveCfg = Release|Any CPU
		{2049ACA8-493A-447E-B75A-BECB9BF35010}.Release|Any CPU.Build.0 = Release|Any CPU
	EndGlobalSection
	GlobalSection(SolutionProperties) = preSolution
		HideSolutionNode = FALSE
	EndGlobalSection
EndGlobal
